
Microsoft Visual Studio Solution File, Format Version 12.00
# Visual Studio Version 16
VisualStudioVersion = 16.0.31321.278
MinimumVisualStudioVersion = 10.0.40219.1
Project("{9A19103F-16F7-4668-BE54-9A1E7A4F7556}") = "API", "API\API.csproj", "{1C087CF3-FBF8-45C9-BA2E-BDAAFEA4F6EA}"
EndProject
Project("{FAE04EC0-301F-11D3-BF4B-00C04F79EFBC}") = "NewClient", "NewClient\NewClient.csproj", "{9B334040-888A-4DDE-8B57-FFE775C54349}"
EndProject
Global
	GlobalSection(SolutionConfigurationPlatforms) = preSolution
		Debug|Any CPU = Debug|Any CPU
		Release|Any CPU = Release|Any CPU
	EndGlobalSection
	GlobalSection(ProjectConfigurationPlatforms) = postSolution
		{1C087CF3-FBF8-45C9-BA2E-BDAAFEA4F6EA}.Debug|Any CPU.ActiveCfg = Debug|Any CPU
		{1C087CF3-FBF8-45C9-BA2E-BDAAFEA4F6EA}.Debug|Any CPU.Build.0 = Debug|Any CPU
		{1C087CF3-FBF8-45C9-BA2E-BDAAFEA4F6EA}.Release|Any CPU.ActiveCfg = Release|Any CPU
		{1C087CF3-FBF8-45C9-BA2E-BDAAFEA4F6EA}.Release|Any CPU.Build.0 = Release|Any CPU
		{9B334040-888A-4DDE-8B57-FFE775C54349}.Debug|Any CPU.ActiveCfg = Debug|Any CPU
		{9B334040-888A-4DDE-8B57-FFE775C54349}.Debug|Any CPU.Build.0 = Debug|Any CPU
		{9B334040-888A-4DDE-8B57-FFE775C54349}.Release|Any CPU.ActiveCfg = Release|Any CPU
		{9B334040-888A-4DDE-8B57-FFE775C54349}.Release|Any CPU.Build.0 = Release|Any CPU
	EndGlobalSection
	GlobalSection(SolutionProperties) = preSolution
		HideSolutionNode = FALSE
	EndGlobalSection
	GlobalSection(ExtensibilityGlobals) = postSolution
		SolutionGuid = {6FB6B6BD-F73C-43B8-B5B8-3AA1305F2A5D}
	EndGlobalSection
EndGlobal
